
Microsoft Visual Studio Solution File, Format Version 12.00
# Visual Studio Version 17
VisualStudioVersion = 17.3.32825.248
MinimumVisualStudioVersion = 10.0.40219.1
Project("{8BC9CEB8-8B4A-11D0-8D11-00A0C91BC942}") = "Project1", "Project1\Project1.vcxproj", "{028DE16E-183F-4DE3-9BCF-45FDF649EA2A}"
EndProject
Project("{8BC9CEB8-8B4A-11D0-8D11-00A0C91BC942}") = "Project2", "Project2\Project2.vcxproj", "{8899727C-49CF-4E2B-B6A8-153DED664BD2}"
EndProject
Project("{8BC9CEB8-8B4A-11D0-8D11-00A0C91BC942}") = "Project3", "Project3\Project3.vcxproj", "{D2E90A22-1236-4447-B6E4-2C7DD198054A}"
EndProject
Project("{8BC9CEB8-8B4A-11D0-8D11-00A0C91BC942}") = "Project4", "Project4\Project4.vcxproj", "{AA7C4494-8E8F-49A3-B304-446811782330}"
EndProject
Global
	GlobalSection(SolutionConfigurationPlatforms) = preSolution
		Debug|x64 = Debug|x64
		Debug|x86 = Debug|x86
		Release|x64 = Release|x64
		Release|x86 = Release|x86
	EndGlobalSection
	GlobalSection(ProjectConfigurationPlatforms) = postSolution
		{028DE16E-183F-4DE3-9BCF-45FDF649EA2A}.Debug|x64.ActiveCfg = Debug|x64
		{028DE16E-183F-4DE3-9BCF-45FDF649EA2A}.Debug|x64.Build.0 = Debug|x64
		{028DE16E-183F-4DE3-9BCF-45FDF649EA2A}.Debug|x86.ActiveCfg = Debug|Win32
		{028DE16E-183F-4DE3-9BCF-45FDF649EA2A}.Debug|x86.Build.0 = Debug|Win32
		{028DE16E-183F-4DE3-9BCF-45FDF649EA2A}.Release|x64.ActiveCfg = Release|x64
		{028DE16E-183F-4DE3-9BCF-45FDF649EA2A}.Release|x64.Build.0 = Release|x64
		{028DE16E-183F-4DE3-9BCF-45FDF649EA2A}.Release|x86.ActiveCfg = Release|Win32
		{028DE16E-183F-4DE3-9BCF-45FDF649EA2A}.Release|x86.Build.0 = Release|Win32
		{8899727C-49CF-4E2B-B6A8-153DED664BD2}.Debug|x64.ActiveCfg = Debug|x64
		{8899727C-49CF-4E2B-B6A8-153DED664BD2}.Debug|x64.Build.0 = Debug|x64
		{8899727C-49CF-4E2B-B6A8-153DED664BD2}.Debug|x86.ActiveCfg = Debug|Win32
		{8899727C-49CF-4E2B-B6A8-153DED664BD2}.Debug|x86.Build.0 = Debug|Win32
		{8899727C-49CF-4E2B-B6A8-153DED664BD2}.Release|x64.ActiveCfg = Release|x64
		{8899727C-49CF-4E2B-B6A8-153DED664BD2}.Release|x64.Build.0 = Release|x64
		{8899727C-49CF-4E2B-B6A8-153DED664BD2}.Release|x86.ActiveCfg = Release|Win32
		{8899727C-49CF-4E2B-B6A8-153DED664BD2}.Release|x86.Build.0 = Release|Win32
		{D2E90A22-1236-4447-B6E4-2C7DD198054A}.Debug|x64.ActiveCfg = Debug|x64
		{D2E90A22-1236-4447-B6E4-2C7DD198054A}.Debug|x64.Build.0 = Debug|x64
		{D2E90A22-1236-4447-B6E4-2C7DD198054A}.Debug|x86.ActiveCfg = Debug|Win32
		{D2E90A22-1236-4447-B6E4-2C7DD198054A}.Debug|x86.Build.0 = Debug|Win32
		{D2E90A22-1236-4447-B6E4-2C7DD198054A}.Release|x64.ActiveCfg = Release|x64
		{D2E90A22-1236-4447-B6E4-2C7DD198054A}.Release|x64.Build.0 = Release|x64
		{D2E90A22-1236-4447-B6E4-2C7DD198054A}.Release|x86.ActiveCfg = Release|Win32
		{D2E90A22-1236-4447-B6E4-2C7DD198054A}.Release|x86.Build.0 = Release|Win32
		{AA7C4494-8E8F-49A3-B304-446811782330}.Debug|x64.ActiveCfg = Debug|x64
		{AA7C4494-8E8F-49A3-B304-446811782330}.Debug|x64.Build.0 = Debug|x64
		{AA7C4494-8E8F-49A3-B304-446811782330}.Debug|x86.ActiveCfg = Debug|Win32
		{AA7C4494-8E8F-49A3-B304-446811782330}.Debug|x86.Build.0 = Debug|Win32
		{AA7C4494-8E8F-49A3-B304-446811782330}.Release|x64.ActiveCfg = Release|x64
		{AA7C4494-8E8F-49A3-B304-446811782330}.Release|x64.Build.0 = Release|x64
		{AA7C4494-8E8F-49A3-B304-446811782330}.Release|x86.ActiveCfg = Release|Win32
		{AA7C4494-8E8F-49A3-B304-446811782330}.Release|x86.Build.0 = Release|Win32
	EndGlobalSection
	GlobalSection(SolutionProperties) = preSolution
		HideSolutionNode = FALSE
	EndGlobalSection
	GlobalSection(ExtensibilityGlobals) = postSolution
		SolutionGuid = {9C4240CE-B372-4142-A5DC-24ED0EE6953B}
	EndGlobalSection
EndGlobal
