
Microsoft Visual Studio Solution File, Format Version 12.00
# Visual Studio Version 17
VisualStudioVersion = 17.3.32825.248
MinimumVisualStudioVersion = 10.0.40219.1
Project("{8BC9CEB8-8B4A-11D0-8D11-00A0C91BC942}") = "problem5", "problem5\problem5.vcxproj", "{24BF125F-4F62-47E4-80BE-9725FB89B78D}"
EndProject
Project("{8BC9CEB8-8B4A-11D0-8D11-00A0C91BC942}") = "problem1", "problem1\problem1.vcxproj", "{6CCF47A3-A9D3-449F-B07B-21F6E594092A}"
EndProject
Project("{8BC9CEB8-8B4A-11D0-8D11-00A0C91BC942}") = "problem3", "problem3\problem3.vcxproj", "{BAA50EBB-59C8-4015-81DC-7F390B359F35}"
EndProject
Project("{8BC9CEB8-8B4A-11D0-8D11-00A0C91BC942}") = "problem4", "problem4\problem4.vcxproj", "{D44B0F30-F8A2-439E-9F88-FA0745275C2D}"
EndProject
Global
	GlobalSection(SolutionConfigurationPlatforms) = preSolution
		Debug|x64 = Debug|x64
		Debug|x86 = Debug|x86
		Release|x64 = Release|x64
		Release|x86 = Release|x86
	EndGlobalSection
	GlobalSection(ProjectConfigurationPlatforms) = postSolution
		{24BF125F-4F62-47E4-80BE-9725FB89B78D}.Debug|x64.ActiveCfg = Debug|x64
		{24BF125F-4F62-47E4-80BE-9725FB89B78D}.Debug|x64.Build.0 = Debug|x64
		{24BF125F-4F62-47E4-80BE-9725FB89B78D}.Debug|x86.ActiveCfg = Debug|Win32
		{24BF125F-4F62-47E4-80BE-9725FB89B78D}.Debug|x86.Build.0 = Debug|Win32
		{24BF125F-4F62-47E4-80BE-9725FB89B78D}.Release|x64.ActiveCfg = Release|x64
		{24BF125F-4F62-47E4-80BE-9725FB89B78D}.Release|x64.Build.0 = Release|x64
		{24BF125F-4F62-47E4-80BE-9725FB89B78D}.Release|x86.ActiveCfg = Release|Win32
		{24BF125F-4F62-47E4-80BE-9725FB89B78D}.Release|x86.Build.0 = Release|Win32
		{6CCF47A3-A9D3-449F-B07B-21F6E594092A}.Debug|x64.ActiveCfg = Debug|x64
		{6CCF47A3-A9D3-449F-B07B-21F6E594092A}.Debug|x64.Build.0 = Debug|x64
		{6CCF47A3-A9D3-449F-B07B-21F6E594092A}.Debug|x86.ActiveCfg = Debug|Win32
		{6CCF47A3-A9D3-449F-B07B-21F6E594092A}.Debug|x86.Build.0 = Debug|Win32
		{6CCF47A3-A9D3-449F-B07B-21F6E594092A}.Release|x64.ActiveCfg = Release|x64
		{6CCF47A3-A9D3-449F-B07B-21F6E594092A}.Release|x64.Build.0 = Release|x64
		{6CCF47A3-A9D3-449F-B07B-21F6E594092A}.Release|x86.ActiveCfg = Release|Win32
		{6CCF47A3-A9D3-449F-B07B-21F6E594092A}.Release|x86.Build.0 = Release|Win32
		{BAA50EBB-59C8-4015-81DC-7F390B359F35}.Debug|x64.ActiveCfg = Debug|x64
		{BAA50EBB-59C8-4015-81DC-7F390B359F35}.Debug|x64.Build.0 = Debug|x64
		{BAA50EBB-59C8-4015-81DC-7F390B359F35}.Debug|x86.ActiveCfg = Debug|Win32
		{BAA50EBB-59C8-4015-81DC-7F390B359F35}.Debug|x86.Build.0 = Debug|Win32
		{BAA50EBB-59C8-4015-81DC-7F390B359F35}.Release|x64.ActiveCfg = Release|x64
		{BAA50EBB-59C8-4015-81DC-7F390B359F35}.Release|x64.Build.0 = Release|x64
		{BAA50EBB-59C8-4015-81DC-7F390B359F35}.Release|x86.ActiveCfg = Release|Win32
		{BAA50EBB-59C8-4015-81DC-7F390B359F35}.Release|x86.Build.0 = Release|Win32
		{D44B0F30-F8A2-439E-9F88-FA0745275C2D}.Debug|x64.ActiveCfg = Debug|x64
		{D44B0F30-F8A2-439E-9F88-FA0745275C2D}.Debug|x64.Build.0 = Debug|x64
		{D44B0F30-F8A2-439E-9F88-FA0745275C2D}.Debug|x86.ActiveCfg = Debug|Win32
		{D44B0F30-F8A2-439E-9F88-FA0745275C2D}.Debug|x86.Build.0 = Debug|Win32
		{D44B0F30-F8A2-439E-9F88-FA0745275C2D}.Release|x64.ActiveCfg = Release|x64
		{D44B0F30-F8A2-439E-9F88-FA0745275C2D}.Release|x64.Build.0 = Release|x64
		{D44B0F30-F8A2-439E-9F88-FA0745275C2D}.Release|x86.ActiveCfg = Release|Win32
		{D44B0F30-F8A2-439E-9F88-FA0745275C2D}.Release|x86.Build.0 = Release|Win32
	EndGlobalSection
	GlobalSection(SolutionProperties) = preSolution
		HideSolutionNode = FALSE
	EndGlobalSection
	GlobalSection(ExtensibilityGlobals) = postSolution
		SolutionGuid = {0881838A-53AF-4457-9179-56AD65C90E78}
	EndGlobalSection
EndGlobal
