
Microsoft Visual Studio Solution File, Format Version 12.00
# Visual Studio Version 17
VisualStudioVersion = 17.3.32825.248
MinimumVisualStudioVersion = 10.0.40219.1
Project("{8BC9CEB8-8B4A-11D0-8D11-00A0C91BC942}") = "assignment", "assignment\assignment.vcxproj", "{1F16B984-66DC-46EC-85C0-DB9F56859108}"
EndProject
Project("{8BC9CEB8-8B4A-11D0-8D11-00A0C91BC942}") = "assignment2", "assignment2\assignment2.vcxproj", "{7C4F0BE0-EE47-4934-8E91-F0ADBA6AA279}"
EndProject
Project("{8BC9CEB8-8B4A-11D0-8D11-00A0C91BC942}") = "assignment3", "assignment3\assignment3.vcxproj", "{5BE6A862-4237-47B0-9C5D-AB9908094446}"
EndProject
Global
	GlobalSection(SolutionConfigurationPlatforms) = preSolution
		Debug|x64 = Debug|x64
		Debug|x86 = Debug|x86
		Release|x64 = Release|x64
		Release|x86 = Release|x86
	EndGlobalSection
	GlobalSection(ProjectConfigurationPlatforms) = postSolution
		{1F16B984-66DC-46EC-85C0-DB9F56859108}.Debug|x64.ActiveCfg = Debug|x64
		{1F16B984-66DC-46EC-85C0-DB9F56859108}.Debug|x64.Build.0 = Debug|x64
		{1F16B984-66DC-46EC-85C0-DB9F56859108}.Debug|x86.ActiveCfg = Debug|Win32
		{1F16B984-66DC-46EC-85C0-DB9F56859108}.Debug|x86.Build.0 = Debug|Win32
		{1F16B984-66DC-46EC-85C0-DB9F56859108}.Release|x64.ActiveCfg = Release|x64
		{1F16B984-66DC-46EC-85C0-DB9F56859108}.Release|x64.Build.0 = Release|x64
		{1F16B984-66DC-46EC-85C0-DB9F56859108}.Release|x86.ActiveCfg = Release|Win32
		{1F16B984-66DC-46EC-85C0-DB9F56859108}.Release|x86.Build.0 = Release|Win32
		{7C4F0BE0-EE47-4934-8E91-F0ADBA6AA279}.Debug|x64.ActiveCfg = Debug|x64
		{7C4F0BE0-EE47-4934-8E91-F0ADBA6AA279}.Debug|x64.Build.0 = Debug|x64
		{7C4F0BE0-EE47-4934-8E91-F0ADBA6AA279}.Debug|x86.ActiveCfg = Debug|Win32
		{7C4F0BE0-EE47-4934-8E91-F0ADBA6AA279}.Debug|x86.Build.0 = Debug|Win32
		{7C4F0BE0-EE47-4934-8E91-F0ADBA6AA279}.Release|x64.ActiveCfg = Release|x64
		{7C4F0BE0-EE47-4934-8E91-F0ADBA6AA279}.Release|x64.Build.0 = Release|x64
		{7C4F0BE0-EE47-4934-8E91-F0ADBA6AA279}.Release|x86.ActiveCfg = Release|Win32
		{7C4F0BE0-EE47-4934-8E91-F0ADBA6AA279}.Release|x86.Build.0 = Release|Win32
		{5BE6A862-4237-47B0-9C5D-AB9908094446}.Debug|x64.ActiveCfg = Debug|x64
		{5BE6A862-4237-47B0-9C5D-AB9908094446}.Debug|x64.Build.0 = Debug|x64
		{5BE6A862-4237-47B0-9C5D-AB9908094446}.Debug|x86.ActiveCfg = Debug|Win32
		{5BE6A862-4237-47B0-9C5D-AB9908094446}.Debug|x86.Build.0 = Debug|Win32
		{5BE6A862-4237-47B0-9C5D-AB9908094446}.Release|x64.ActiveCfg = Release|x64
		{5BE6A862-4237-47B0-9C5D-AB9908094446}.Release|x64.Build.0 = Release|x64
		{5BE6A862-4237-47B0-9C5D-AB9908094446}.Release|x86.ActiveCfg = Release|Win32
		{5BE6A862-4237-47B0-9C5D-AB9908094446}.Release|x86.Build.0 = Release|Win32
	EndGlobalSection
	GlobalSection(SolutionProperties) = preSolution
		HideSolutionNode = FALSE
	EndGlobalSection
	GlobalSection(ExtensibilityGlobals) = postSolution
		SolutionGuid = {613AE999-E622-4544-AB5E-50385F498509}
	EndGlobalSection
EndGlobal
