
Microsoft Visual Studio Solution File, Format Version 12.00
# Visual Studio Version 17
VisualStudioVersion = 17.3.32929.385
MinimumVisualStudioVersion = 10.0.40219.1
Project("{8BC9CEB8-8B4A-11D0-8D11-00A0C91BC942}") = "Project1", "Project1\Project1.vcxproj", "{6A82CAD4-45C2-4A46-898A-39EB6DABF941}"
EndProject
Project("{8BC9CEB8-8B4A-11D0-8D11-00A0C91BC942}") = "Project2", "Project2\Project2.vcxproj", "{848B148D-AFA8-43DB-8D97-FE44506E28DE}"
EndProject
Project("{8BC9CEB8-8B4A-11D0-8D11-00A0C91BC942}") = "Project3", "Project3\Project3.vcxproj", "{48DFA752-3CB7-4134-BE1B-D46E5D637127}"
EndProject
Project("{8BC9CEB8-8B4A-11D0-8D11-00A0C91BC942}") = "Project4", "Project4\Project4.vcxproj", "{D19CB77A-AF7B-4782-8989-14BD4BA3DEF7}"
EndProject
Project("{8BC9CEB8-8B4A-11D0-8D11-00A0C91BC942}") = "Project5", "Project5\Project5.vcxproj", "{8C00A11A-06A4-4915-B16D-5F0F95D681A8}"
EndProject
Global
	GlobalSection(SolutionConfigurationPlatforms) = preSolution
		Debug|x64 = Debug|x64
		Debug|x86 = Debug|x86
		Release|x64 = Release|x64
		Release|x86 = Release|x86
	EndGlobalSection
	GlobalSection(ProjectConfigurationPlatforms) = postSolution
		{6A82CAD4-45C2-4A46-898A-39EB6DABF941}.Debug|x64.ActiveCfg = Debug|x64
		{6A82CAD4-45C2-4A46-898A-39EB6DABF941}.Debug|x64.Build.0 = Debug|x64
		{6A82CAD4-45C2-4A46-898A-39EB6DABF941}.Debug|x86.ActiveCfg = Debug|Win32
		{6A82CAD4-45C2-4A46-898A-39EB6DABF941}.Debug|x86.Build.0 = Debug|Win32
		{6A82CAD4-45C2-4A46-898A-39EB6DABF941}.Release|x64.ActiveCfg = Release|x64
		{6A82CAD4-45C2-4A46-898A-39EB6DABF941}.Release|x64.Build.0 = Release|x64
		{6A82CAD4-45C2-4A46-898A-39EB6DABF941}.Release|x86.ActiveCfg = Release|Win32
		{6A82CAD4-45C2-4A46-898A-39EB6DABF941}.Release|x86.Build.0 = Release|Win32
		{848B148D-AFA8-43DB-8D97-FE44506E28DE}.Debug|x64.ActiveCfg = Debug|x64
		{848B148D-AFA8-43DB-8D97-FE44506E28DE}.Debug|x64.Build.0 = Debug|x64
		{848B148D-AFA8-43DB-8D97-FE44506E28DE}.Debug|x86.ActiveCfg = Debug|Win32
		{848B148D-AFA8-43DB-8D97-FE44506E28DE}.Debug|x86.Build.0 = Debug|Win32
		{848B148D-AFA8-43DB-8D97-FE44506E28DE}.Release|x64.ActiveCfg = Release|x64
		{848B148D-AFA8-43DB-8D97-FE44506E28DE}.Release|x64.Build.0 = Release|x64
		{848B148D-AFA8-43DB-8D97-FE44506E28DE}.Release|x86.ActiveCfg = Release|Win32
		{848B148D-AFA8-43DB-8D97-FE44506E28DE}.Release|x86.Build.0 = Release|Win32
		{48DFA752-3CB7-4134-BE1B-D46E5D637127}.Debug|x64.ActiveCfg = Debug|x64
		{48DFA752-3CB7-4134-BE1B-D46E5D637127}.Debug|x64.Build.0 = Debug|x64
		{48DFA752-3CB7-4134-BE1B-D46E5D637127}.Debug|x86.ActiveCfg = Debug|Win32
		{48DFA752-3CB7-4134-BE1B-D46E5D637127}.Debug|x86.Build.0 = Debug|Win32
		{48DFA752-3CB7-4134-BE1B-D46E5D637127}.Release|x64.ActiveCfg = Release|x64
		{48DFA752-3CB7-4134-BE1B-D46E5D637127}.Release|x64.Build.0 = Release|x64
		{48DFA752-3CB7-4134-BE1B-D46E5D637127}.Release|x86.ActiveCfg = Release|Win32
		{48DFA752-3CB7-4134-BE1B-D46E5D637127}.Release|x86.Build.0 = Release|Win32
		{D19CB77A-AF7B-4782-8989-14BD4BA3DEF7}.Debug|x64.ActiveCfg = Debug|x64
		{D19CB77A-AF7B-4782-8989-14BD4BA3DEF7}.Debug|x64.Build.0 = Debug|x64
		{D19CB77A-AF7B-4782-8989-14BD4BA3DEF7}.Debug|x86.ActiveCfg = Debug|Win32
		{D19CB77A-AF7B-4782-8989-14BD4BA3DEF7}.Debug|x86.Build.0 = Debug|Win32
		{D19CB77A-AF7B-4782-8989-14BD4BA3DEF7}.Release|x64.ActiveCfg = Release|x64
		{D19CB77A-AF7B-4782-8989-14BD4BA3DEF7}.Release|x64.Build.0 = Release|x64
		{D19CB77A-AF7B-4782-8989-14BD4BA3DEF7}.Release|x86.ActiveCfg = Release|Win32
		{D19CB77A-AF7B-4782-8989-14BD4BA3DEF7}.Release|x86.Build.0 = Release|Win32
		{8C00A11A-06A4-4915-B16D-5F0F95D681A8}.Debug|x64.ActiveCfg = Debug|x64
		{8C00A11A-06A4-4915-B16D-5F0F95D681A8}.Debug|x64.Build.0 = Debug|x64
		{8C00A11A-06A4-4915-B16D-5F0F95D681A8}.Debug|x86.ActiveCfg = Debug|Win32
		{8C00A11A-06A4-4915-B16D-5F0F95D681A8}.Debug|x86.Build.0 = Debug|Win32
		{8C00A11A-06A4-4915-B16D-5F0F95D681A8}.Release|x64.ActiveCfg = Release|x64
		{8C00A11A-06A4-4915-B16D-5F0F95D681A8}.Release|x64.Build.0 = Release|x64
		{8C00A11A-06A4-4915-B16D-5F0F95D681A8}.Release|x86.ActiveCfg = Release|Win32
		{8C00A11A-06A4-4915-B16D-5F0F95D681A8}.Release|x86.Build.0 = Release|Win32
	EndGlobalSection
	GlobalSection(SolutionProperties) = preSolution
		HideSolutionNode = FALSE
	EndGlobalSection
	GlobalSection(ExtensibilityGlobals) = postSolution
		SolutionGuid = {038818F5-DAA2-41B6-A65E-42F67BD8E49C}
	EndGlobalSection
EndGlobal
