
Microsoft Visual Studio Solution File, Format Version 12.00
# Visual Studio Version 17
VisualStudioVersion = 17.3.32929.385
MinimumVisualStudioVersion = 10.0.40219.1
Project("{8BC9CEB8-8B4A-11D0-8D11-00A0C91BC942}") = "mingi's problem", "mingi's problem\mingi's problem.vcxproj", "{03D9454A-39F4-4CDF-9665-10904FE948D9}"
EndProject
Project("{8BC9CEB8-8B4A-11D0-8D11-00A0C91BC942}") = "collisionavoidance", "collisionavoidance\collisionavoidance.vcxproj", "{5F7DA93D-E4A7-41E0-A911-21F0AF66DA32}"
EndProject
Project("{8BC9CEB8-8B4A-11D0-8D11-00A0C91BC942}") = "Dasan", "Dasan\Dasan.vcxproj", "{BB734712-0D22-4A1C-817D-6B95E9F73826}"
EndProject
Global
	GlobalSection(SolutionConfigurationPlatforms) = preSolution
		Debug|x64 = Debug|x64
		Debug|x86 = Debug|x86
		Release|x64 = Release|x64
		Release|x86 = Release|x86
	EndGlobalSection
	GlobalSection(ProjectConfigurationPlatforms) = postSolution
		{03D9454A-39F4-4CDF-9665-10904FE948D9}.Debug|x64.ActiveCfg = Debug|x64
		{03D9454A-39F4-4CDF-9665-10904FE948D9}.Debug|x64.Build.0 = Debug|x64
		{03D9454A-39F4-4CDF-9665-10904FE948D9}.Debug|x86.ActiveCfg = Debug|Win32
		{03D9454A-39F4-4CDF-9665-10904FE948D9}.Debug|x86.Build.0 = Debug|Win32
		{03D9454A-39F4-4CDF-9665-10904FE948D9}.Release|x64.ActiveCfg = Release|x64
		{03D9454A-39F4-4CDF-9665-10904FE948D9}.Release|x64.Build.0 = Release|x64
		{03D9454A-39F4-4CDF-9665-10904FE948D9}.Release|x86.ActiveCfg = Release|Win32
		{03D9454A-39F4-4CDF-9665-10904FE948D9}.Release|x86.Build.0 = Release|Win32
		{5F7DA93D-E4A7-41E0-A911-21F0AF66DA32}.Debug|x64.ActiveCfg = Debug|x64
		{5F7DA93D-E4A7-41E0-A911-21F0AF66DA32}.Debug|x64.Build.0 = Debug|x64
		{5F7DA93D-E4A7-41E0-A911-21F0AF66DA32}.Debug|x86.ActiveCfg = Debug|Win32
		{5F7DA93D-E4A7-41E0-A911-21F0AF66DA32}.Debug|x86.Build.0 = Debug|Win32
		{5F7DA93D-E4A7-41E0-A911-21F0AF66DA32}.Release|x64.ActiveCfg = Release|x64
		{5F7DA93D-E4A7-41E0-A911-21F0AF66DA32}.Release|x64.Build.0 = Release|x64
		{5F7DA93D-E4A7-41E0-A911-21F0AF66DA32}.Release|x86.ActiveCfg = Release|Win32
		{5F7DA93D-E4A7-41E0-A911-21F0AF66DA32}.Release|x86.Build.0 = Release|Win32
		{BB734712-0D22-4A1C-817D-6B95E9F73826}.Debug|x64.ActiveCfg = Debug|x64
		{BB734712-0D22-4A1C-817D-6B95E9F73826}.Debug|x64.Build.0 = Debug|x64
		{BB734712-0D22-4A1C-817D-6B95E9F73826}.Debug|x86.ActiveCfg = Debug|Win32
		{BB734712-0D22-4A1C-817D-6B95E9F73826}.Debug|x86.Build.0 = Debug|Win32
		{BB734712-0D22-4A1C-817D-6B95E9F73826}.Release|x64.ActiveCfg = Release|x64
		{BB734712-0D22-4A1C-817D-6B95E9F73826}.Release|x64.Build.0 = Release|x64
		{BB734712-0D22-4A1C-817D-6B95E9F73826}.Release|x86.ActiveCfg = Release|Win32
		{BB734712-0D22-4A1C-817D-6B95E9F73826}.Release|x86.Build.0 = Release|Win32
	EndGlobalSection
	GlobalSection(SolutionProperties) = preSolution
		HideSolutionNode = FALSE
	EndGlobalSection
	GlobalSection(ExtensibilityGlobals) = postSolution
		SolutionGuid = {B18E6A60-EE17-415C-8E95-4E466C32C59F}
	EndGlobalSection
EndGlobal
